
Microsoft Visual Studio Solution File, Format Version 12.00
# Visual Studio Version 17
VisualStudioVersion = 17.0.31903.59
MinimumVisualStudioVersion = 10.0.40219.1
Project("{2150E333-8FDC-42A3-9474-1A3956D46DE8}") = "src", "src", "{827E0CD3-B72D-47B6-A68D-7590B98EB39B}"
EndProject
Project("{2150E333-8FDC-42A3-9474-1A3956D46DE8}") = "Domain", "Domain", "{8B290487-4C16-E85E-E807-F579CBE9FC4D}"
EndProject
Project("{FAE04EC0-301F-11D3-BF4B-00C04F79EFBC}") = "DotNetApiLambdaTemplate.Domain", "src\Domain\DotNetApiLambdaTemplate.Domain\DotNetApiLambdaTemplate.Domain.csproj", "{11A9922C-FA4A-4711-9EE9-2AA455BC3404}"
EndProject
Project("{2150E333-8FDC-42A3-9474-1A3956D46DE8}") = "Application", "Application", "{22BAF98C-8415-17C4-B26A-D537657BC863}"
EndProject
Project("{FAE04EC0-301F-11D3-BF4B-00C04F79EFBC}") = "DotNetApiLambdaTemplate.Application", "src\Application\DotNetApiLambdaTemplate.Application\DotNetApiLambdaTemplate.Application.csproj", "{851A0B34-9495-4BB9-83B2-B27BF42B40EC}"
EndProject
Project("{FAE04EC0-301F-11D3-BF4B-00C04F79EFBC}") = "DotNetApiLambdaTemplate.Infrastructure", "src\Infrastructure\DotNetApiLambdaTemplate.Infrastructure\DotNetApiLambdaTemplate.Infrastructure.csproj", "{9696ADA6-A578-4FC9-866D-2C3509CAAD38}"
EndProject
Project("{FAE04EC0-301F-11D3-BF4B-00C04F79EFBC}") = "DotNetApiLambdaTemplate.API", "src\API\DotNetApiLambdaTemplate.API\DotNetApiLambdaTemplate.API.csproj", "{C521C52A-5A98-445C-8707-2CDF9E98AB19}"
EndProject
Project("{FAE04EC0-301F-11D3-BF4B-00C04F79EFBC}") = "DotNetApiLambdaTemplate.Lambda", "src\Lambda\DotNetApiLambdaTemplate.Lambda\DotNetApiLambdaTemplate.Lambda.csproj", "{334371F2-113F-4DC8-8984-EF732BA91EE3}"
EndProject
Project("{2150E333-8FDC-42A3-9474-1A3956D46DE8}") = "tests", "tests", "{0AB3BF05-4346-4AA6-1389-037BE0695223}"
EndProject
Project("{2150E333-8FDC-42A3-9474-1A3956D46DE8}") = "Domain.Tests", "Domain.Tests", "{6689DE0C-BD34-81AE-B353-DE31FCF7888B}"
EndProject
Project("{FAE04EC0-301F-11D3-BF4B-00C04F79EFBC}") = "DotNetApiLambdaTemplate.Domain.Tests", "tests\Domain.Tests\DotNetApiLambdaTemplate.Domain.Tests\DotNetApiLambdaTemplate.Domain.Tests.csproj", "{A5557291-6324-4374-9617-63FD7F0A05AD}"
EndProject
Project("{FAE04EC0-301F-11D3-BF4B-00C04F79EFBC}") = "DotNetApiLambdaTemplate.Application.Tests", "tests\Application.Tests\DotNetApiLambdaTemplate.Application.Tests\DotNetApiLambdaTemplate.Application.Tests.csproj", "{E2A89319-8728-4BBC-809E-ACC1E036623B}"
EndProject
Project("{FAE04EC0-301F-11D3-BF4B-00C04F79EFBC}") = "DotNetApiLambdaTemplate.Infrastructure.Tests", "tests\Infrastructure.Tests\DotNetApiLambdaTemplate.Infrastructure.Tests\DotNetApiLambdaTemplate.Infrastructure.Tests.csproj", "{8E8A3BC0-3048-43BE-8A6B-1BB2F9EA6FAE}"
EndProject
Project("{FAE04EC0-301F-11D3-BF4B-00C04F79EFBC}") = "DotNetApiLambdaTemplate.API.Tests", "tests\API.Tests\DotNetApiLambdaTemplate.API.Tests\DotNetApiLambdaTemplate.API.Tests.csproj", "{48AE1906-1C0B-4D19-863E-807BAA629636}"
EndProject
Project("{FAE04EC0-301F-11D3-BF4B-00C04F79EFBC}") = "DotNetApiLambdaTemplate.Integration.Tests", "tests\Integration.Tests\DotNetApiLambdaTemplate.Integration.Tests\DotNetApiLambdaTemplate.Integration.Tests.csproj", "{28AD61BF-8A6E-433B-A4E3-60A89C10C7F8}"
EndProject
Global
	GlobalSection(SolutionConfigurationPlatforms) = preSolution
		Debug|Any CPU = Debug|Any CPU
		Debug|x64 = Debug|x64
		Debug|x86 = Debug|x86
		Release|Any CPU = Release|Any CPU
		Release|x64 = Release|x64
		Release|x86 = Release|x86
	EndGlobalSection
	GlobalSection(ProjectConfigurationPlatforms) = postSolution
		{11A9922C-FA4A-4711-9EE9-2AA455BC3404}.Debug|Any CPU.ActiveCfg = Debug|Any CPU
		{11A9922C-FA4A-4711-9EE9-2AA455BC3404}.Debug|Any CPU.Build.0 = Debug|Any CPU
		{11A9922C-FA4A-4711-9EE9-2AA455BC3404}.Debug|x64.ActiveCfg = Debug|Any CPU
		{11A9922C-FA4A-4711-9EE9-2AA455BC3404}.Debug|x64.Build.0 = Debug|Any CPU
		{11A9922C-FA4A-4711-9EE9-2AA455BC3404}.Debug|x86.ActiveCfg = Debug|Any CPU
		{11A9922C-FA4A-4711-9EE9-2AA455BC3404}.Debug|x86.Build.0 = Debug|Any CPU
		{11A9922C-FA4A-4711-9EE9-2AA455BC3404}.Release|Any CPU.ActiveCfg = Release|Any CPU
		{11A9922C-FA4A-4711-9EE9-2AA455BC3404}.Release|Any CPU.Build.0 = Release|Any CPU
		{11A9922C-FA4A-4711-9EE9-2AA455BC3404}.Release|x64.ActiveCfg = Release|Any CPU
		{11A9922C-FA4A-4711-9EE9-2AA455BC3404}.Release|x64.Build.0 = Release|Any CPU
		{11A9922C-FA4A-4711-9EE9-2AA455BC3404}.Release|x86.ActiveCfg = Release|Any CPU
		{11A9922C-FA4A-4711-9EE9-2AA455BC3404}.Release|x86.Build.0 = Release|Any CPU
		{851A0B34-9495-4BB9-83B2-B27BF42B40EC}.Debug|Any CPU.ActiveCfg = Debug|Any CPU
		{851A0B34-9495-4BB9-83B2-B27BF42B40EC}.Debug|Any CPU.Build.0 = Debug|Any CPU
		{851A0B34-9495-4BB9-83B2-B27BF42B40EC}.Debug|x64.ActiveCfg = Debug|Any CPU
		{851A0B34-9495-4BB9-83B2-B27BF42B40EC}.Debug|x64.Build.0 = Debug|Any CPU
		{851A0B34-9495-4BB9-83B2-B27BF42B40EC}.Debug|x86.ActiveCfg = Debug|Any CPU
		{851A0B34-9495-4BB9-83B2-B27BF42B40EC}.Debug|x86.Build.0 = Debug|Any CPU
		{851A0B34-9495-4BB9-83B2-B27BF42B40EC}.Release|Any CPU.ActiveCfg = Release|Any CPU
		{851A0B34-9495-4BB9-83B2-B27BF42B40EC}.Release|Any CPU.Build.0 = Release|Any CPU
		{851A0B34-9495-4BB9-83B2-B27BF42B40EC}.Release|x64.ActiveCfg = Release|Any CPU
		{851A0B34-9495-4BB9-83B2-B27BF42B40EC}.Release|x64.Build.0 = Release|Any CPU
		{851A0B34-9495-4BB9-83B2-B27BF42B40EC}.Release|x86.ActiveCfg = Release|Any CPU
		{851A0B34-9495-4BB9-83B2-B27BF42B40EC}.Release|x86.Build.0 = Release|Any CPU
		{9696ADA6-A578-4FC9-866D-2C3509CAAD38}.Debug|Any CPU.ActiveCfg = Debug|Any CPU
		{9696ADA6-A578-4FC9-866D-2C3509CAAD38}.Debug|Any CPU.Build.0 = Debug|Any CPU
		{9696ADA6-A578-4FC9-866D-2C3509CAAD38}.Debug|x64.ActiveCfg = Debug|Any CPU
		{9696ADA6-A578-4FC9-866D-2C3509CAAD38}.Debug|x64.Build.0 = Debug|Any CPU
		{9696ADA6-A578-4FC9-866D-2C3509CAAD38}.Debug|x86.ActiveCfg = Debug|Any CPU
		{9696ADA6-A578-4FC9-866D-2C3509CAAD38}.Debug|x86.Build.0 = Debug|Any CPU
		{9696ADA6-A578-4FC9-866D-2C3509CAAD38}.Release|Any CPU.ActiveCfg = Release|Any CPU
		{9696ADA6-A578-4FC9-866D-2C3509CAAD38}.Release|Any CPU.Build.0 = Release|Any CPU
		{9696ADA6-A578-4FC9-866D-2C3509CAAD38}.Release|x64.ActiveCfg = Release|Any CPU
		{9696ADA6-A578-4FC9-866D-2C3509CAAD38}.Release|x64.Build.0 = Release|Any CPU
		{9696ADA6-A578-4FC9-866D-2C3509CAAD38}.Release|x86.ActiveCfg = Release|Any CPU
		{9696ADA6-A578-4FC9-866D-2C3509CAAD38}.Release|x86.Build.0 = Release|Any CPU
		{C521C52A-5A98-445C-8707-2CDF9E98AB19}.Debug|Any CPU.ActiveCfg = Debug|Any CPU
		{C521C52A-5A98-445C-8707-2CDF9E98AB19}.Debug|Any CPU.Build.0 = Debug|Any CPU
		{C521C52A-5A98-445C-8707-2CDF9E98AB19}.Debug|x64.ActiveCfg = Debug|Any CPU
		{C521C52A-5A98-445C-8707-2CDF9E98AB19}.Debug|x64.Build.0 = Debug|Any CPU
		{C521C52A-5A98-445C-8707-2CDF9E98AB19}.Debug|x86.ActiveCfg = Debug|Any CPU
		{C521C52A-5A98-445C-8707-2CDF9E98AB19}.Debug|x86.Build.0 = Debug|Any CPU
		{C521C52A-5A98-445C-8707-2CDF9E98AB19}.Release|Any CPU.ActiveCfg = Release|Any CPU
		{C521C52A-5A98-445C-8707-2CDF9E98AB19}.Release|Any CPU.Build.0 = Release|Any CPU
		{C521C52A-5A98-445C-8707-2CDF9E98AB19}.Release|x64.ActiveCfg = Release|Any CPU
		{C521C52A-5A98-445C-8707-2CDF9E98AB19}.Release|x64.Build.0 = Release|Any CPU
		{C521C52A-5A98-445C-8707-2CDF9E98AB19}.Release|x86.ActiveCfg = Release|Any CPU
		{C521C52A-5A98-445C-8707-2CDF9E98AB19}.Release|x86.Build.0 = Release|Any CPU
		{334371F2-113F-4DC8-8984-EF732BA91EE3}.Debug|Any CPU.ActiveCfg = Debug|Any CPU
		{334371F2-113F-4DC8-8984-EF732BA91EE3}.Debug|Any CPU.Build.0 = Debug|Any CPU
		{334371F2-113F-4DC8-8984-EF732BA91EE3}.Debug|x64.ActiveCfg = Debug|Any CPU
		{334371F2-113F-4DC8-8984-EF732BA91EE3}.Debug|x64.Build.0 = Debug|Any CPU
		{334371F2-113F-4DC8-8984-EF732BA91EE3}.Debug|x86.ActiveCfg = Debug|Any CPU
		{334371F2-113F-4DC8-8984-EF732BA91EE3}.Debug|x86.Build.0 = Debug|Any CPU
		{334371F2-113F-4DC8-8984-EF732BA91EE3}.Release|Any CPU.ActiveCfg = Release|Any CPU
		{334371F2-113F-4DC8-8984-EF732BA91EE3}.Release|Any CPU.Build.0 = Release|Any CPU
		{334371F2-113F-4DC8-8984-EF732BA91EE3}.Release|x64.ActiveCfg = Release|Any CPU
		{334371F2-113F-4DC8-8984-EF732BA91EE3}.Release|x64.Build.0 = Release|Any CPU
		{334371F2-113F-4DC8-8984-EF732BA91EE3}.Release|x86.ActiveCfg = Release|Any CPU
		{334371F2-113F-4DC8-8984-EF732BA91EE3}.Release|x86.Build.0 = Release|Any CPU
		{A5557291-6324-4374-9617-63FD7F0A05AD}.Debug|Any CPU.ActiveCfg = Debug|Any CPU
		{A5557291-6324-4374-9617-63FD7F0A05AD}.Debug|Any CPU.Build.0 = Debug|Any CPU
		{A5557291-6324-4374-9617-63FD7F0A05AD}.Debug|x64.ActiveCfg = Debug|Any CPU
		{A5557291-6324-4374-9617-63FD7F0A05AD}.Debug|x64.Build.0 = Debug|Any CPU
		{A5557291-6324-4374-9617-63FD7F0A05AD}.Debug|x86.ActiveCfg = Debug|Any CPU
		{A5557291-6324-4374-9617-63FD7F0A05AD}.Debug|x86.Build.0 = Debug|Any CPU
		{A5557291-6324-4374-9617-63FD7F0A05AD}.Release|Any CPU.ActiveCfg = Release|Any CPU
		{A5557291-6324-4374-9617-63FD7F0A05AD}.Release|Any CPU.Build.0 = Release|Any CPU
		{A5557291-6324-4374-9617-63FD7F0A05AD}.Release|x64.ActiveCfg = Release|Any CPU
		{A5557291-6324-4374-9617-63FD7F0A05AD}.Release|x64.Build.0 = Release|Any CPU
		{A5557291-6324-4374-9617-63FD7F0A05AD}.Release|x86.ActiveCfg = Release|Any CPU
		{A5557291-6324-4374-9617-63FD7F0A05AD}.Release|x86.Build.0 = Release|Any CPU
		{E2A89319-8728-4BBC-809E-ACC1E036623B}.Debug|Any CPU.ActiveCfg = Debug|Any CPU
		{E2A89319-8728-4BBC-809E-ACC1E036623B}.Debug|Any CPU.Build.0 = Debug|Any CPU
		{E2A89319-8728-4BBC-809E-ACC1E036623B}.Debug|x64.ActiveCfg = Debug|Any CPU
		{E2A89319-8728-4BBC-809E-ACC1E036623B}.Debug|x64.Build.0 = Debug|Any CPU
		{E2A89319-8728-4BBC-809E-ACC1E036623B}.Debug|x86.ActiveCfg = Debug|Any CPU
		{E2A89319-8728-4BBC-809E-ACC1E036623B}.Debug|x86.Build.0 = Debug|Any CPU
		{E2A89319-8728-4BBC-809E-ACC1E036623B}.Release|Any CPU.ActiveCfg = Release|Any CPU
		{E2A89319-8728-4BBC-809E-ACC1E036623B}.Release|Any CPU.Build.0 = Release|Any CPU
		{E2A89319-8728-4BBC-809E-ACC1E036623B}.Release|x64.ActiveCfg = Release|Any CPU
		{E2A89319-8728-4BBC-809E-ACC1E036623B}.Release|x64.Build.0 = Release|Any CPU
		{E2A89319-8728-4BBC-809E-ACC1E036623B}.Release|x86.ActiveCfg = Release|Any CPU
		{E2A89319-8728-4BBC-809E-ACC1E036623B}.Release|x86.Build.0 = Release|Any CPU
		{8E8A3BC0-3048-43BE-8A6B-1BB2F9EA6FAE}.Debug|Any CPU.ActiveCfg = Debug|Any CPU
		{8E8A3BC0-3048-43BE-8A6B-1BB2F9EA6FAE}.Debug|Any CPU.Build.0 = Debug|Any CPU
		{8E8A3BC0-3048-43BE-8A6B-1BB2F9EA6FAE}.Debug|x64.ActiveCfg = Debug|Any CPU
		{8E8A3BC0-3048-43BE-8A6B-1BB2F9EA6FAE}.Debug|x64.Build.0 = Debug|Any CPU
		{8E8A3BC0-3048-43BE-8A6B-1BB2F9EA6FAE}.Debug|x86.ActiveCfg = Debug|Any CPU
		{8E8A3BC0-3048-43BE-8A6B-1BB2F9EA6FAE}.Debug|x86.Build.0 = Debug|Any CPU
		{8E8A3BC0-3048-43BE-8A6B-1BB2F9EA6FAE}.Release|Any CPU.ActiveCfg = Release|Any CPU
		{8E8A3BC0-3048-43BE-8A6B-1BB2F9EA6FAE}.Release|Any CPU.Build.0 = Release|Any CPU
		{8E8A3BC0-3048-43BE-8A6B-1BB2F9EA6FAE}.Release|x64.ActiveCfg = Release|Any CPU
		{8E8A3BC0-3048-43BE-8A6B-1BB2F9EA6FAE}.Release|x64.Build.0 = Release|Any CPU
		{8E8A3BC0-3048-43BE-8A6B-1BB2F9EA6FAE}.Release|x86.ActiveCfg = Release|Any CPU
		{8E8A3BC0-3048-43BE-8A6B-1BB2F9EA6FAE}.Release|x86.Build.0 = Release|Any CPU
		{48AE1906-1C0B-4D19-863E-807BAA629636}.Debug|Any CPU.ActiveCfg = Debug|Any CPU
		{48AE1906-1C0B-4D19-863E-807BAA629636}.Debug|Any CPU.Build.0 = Debug|Any CPU
		{48AE1906-1C0B-4D19-863E-807BAA629636}.Debug|x64.ActiveCfg = Debug|Any CPU
		{48AE1906-1C0B-4D19-863E-807BAA629636}.Debug|x64.Build.0 = Debug|Any CPU
		{48AE1906-1C0B-4D19-863E-807BAA629636}.Debug|x86.ActiveCfg = Debug|Any CPU
		{48AE1906-1C0B-4D19-863E-807BAA629636}.Debug|x86.Build.0 = Debug|Any CPU
		{48AE1906-1C0B-4D19-863E-807BAA629636}.Release|Any CPU.ActiveCfg = Release|Any CPU
		{48AE1906-1C0B-4D19-863E-807BAA629636}.Release|Any CPU.Build.0 = Release|Any CPU
		{48AE1906-1C0B-4D19-863E-807BAA629636}.Release|x64.ActiveCfg = Release|Any CPU
		{48AE1906-1C0B-4D19-863E-807BAA629636}.Release|x64.Build.0 = Release|Any CPU
		{48AE1906-1C0B-4D19-863E-807BAA629636}.Release|x86.ActiveCfg = Release|Any CPU
		{48AE1906-1C0B-4D19-863E-807BAA629636}.Release|x86.Build.0 = Release|Any CPU
		{28AD61BF-8A6E-433B-A4E3-60A89C10C7F8}.Debug|Any CPU.ActiveCfg = Debug|Any CPU
		{28AD61BF-8A6E-433B-A4E3-60A89C10C7F8}.Debug|Any CPU.Build.0 = Debug|Any CPU
		{28AD61BF-8A6E-433B-A4E3-60A89C10C7F8}.Debug|x64.ActiveCfg = Debug|Any CPU
		{28AD61BF-8A6E-433B-A4E3-60A89C10C7F8}.Debug|x64.Build.0 = Debug|Any CPU
		{28AD61BF-8A6E-433B-A4E3-60A89C10C7F8}.Debug|x86.ActiveCfg = Debug|Any CPU
		{28AD61BF-8A6E-433B-A4E3-60A89C10C7F8}.Debug|x86.Build.0 = Debug|Any CPU
		{28AD61BF-8A6E-433B-A4E3-60A89C10C7F8}.Release|Any CPU.ActiveCfg = Release|Any CPU
		{28AD61BF-8A6E-433B-A4E3-60A89C10C7F8}.Release|Any CPU.Build.0 = Release|Any CPU
		{28AD61BF-8A6E-433B-A4E3-60A89C10C7F8}.Release|x64.ActiveCfg = Release|Any CPU
		{28AD61BF-8A6E-433B-A4E3-60A89C10C7F8}.Release|x64.Build.0 = Release|Any CPU
		{28AD61BF-8A6E-433B-A4E3-60A89C10C7F8}.Release|x86.ActiveCfg = Release|Any CPU
		{28AD61BF-8A6E-433B-A4E3-60A89C10C7F8}.Release|x86.Build.0 = Release|Any CPU
	EndGlobalSection
	GlobalSection(SolutionProperties) = preSolution
		HideSolutionNode = FALSE
	EndGlobalSection
	GlobalSection(NestedProjects) = preSolution
		{8B290487-4C16-E85E-E807-F579CBE9FC4D} = {827E0CD3-B72D-47B6-A68D-7590B98EB39B}
		{11A9922C-FA4A-4711-9EE9-2AA455BC3404} = {8B290487-4C16-E85E-E807-F579CBE9FC4D}
		{22BAF98C-8415-17C4-B26A-D537657BC863} = {827E0CD3-B72D-47B6-A68D-7590B98EB39B}
		{851A0B34-9495-4BB9-83B2-B27BF42B40EC} = {22BAF98C-8415-17C4-B26A-D537657BC863}
		{9696ADA6-A578-4FC9-866D-2C3509CAAD38} = {22BAF98C-8415-17C4-B26A-D537657BC863}
		{C521C52A-5A98-445C-8707-2CDF9E98AB19} = {22BAF98C-8415-17C4-B26A-D537657BC863}
		{334371F2-113F-4DC8-8984-EF732BA91EE3} = {22BAF98C-8415-17C4-B26A-D537657BC863}
		{6689DE0C-BD34-81AE-B353-DE31FCF7888B} = {0AB3BF05-4346-4AA6-1389-037BE0695223}
		{A5557291-6324-4374-9617-63FD7F0A05AD} = {6689DE0C-BD34-81AE-B353-DE31FCF7888B}
		{E2A89319-8728-4BBC-809E-ACC1E036623B} = {6689DE0C-BD34-81AE-B353-DE31FCF7888B}
		{8E8A3BC0-3048-43BE-8A6B-1BB2F9EA6FAE} = {6689DE0C-BD34-81AE-B353-DE31FCF7888B}
		{48AE1906-1C0B-4D19-863E-807BAA629636} = {6689DE0C-BD34-81AE-B353-DE31FCF7888B}
		{28AD61BF-8A6E-433B-A4E3-60A89C10C7F8} = {6689DE0C-BD34-81AE-B353-DE31FCF7888B}
	EndGlobalSection
EndGlobal
